// !$*UTF8*$!
{
	archiveVersion = 1;
	classes = {
	};
	objectVersion = 46;
	objects = {

/* Begin PBXBuildFile section */
		4DB9C8721955C18D00FB830B /* Foundation.framework in Frameworks */ = {isa = PBXBuildFile; fileRef = 4DB9C8711955C18D00FB830B /* Foundation.framework */; };
		4DB9C8741955C18D00FB830B /* CoreGraphics.framework in Frameworks */ = {isa = PBXBuildFile; fileRef = 4DB9C8731955C18D00FB830B /* CoreGraphics.framework */; };
		4DB9C8761955C18D00FB830B /* UIKit.framework in Frameworks */ = {isa = PBXBuildFile; fileRef = 4DB9C8751955C18D00FB830B /* UIKit.framework */; };
		4DB9C87C1955C18D00FB830B /* InfoPlist.strings in Resources */ = {isa = PBXBuildFile; fileRef = 4DB9C87A1955C18D00FB830B /* InfoPlist.strings */; };
		4DB9C87E1955C18D00FB830B /* main.m in Sources */ = {isa = PBXBuildFile; fileRef = 4DB9C87D1955C18D00FB830B /* main.m */; };
		4DB9C8821955C18D00FB830B /* TDSAppDelegate.m in Sources */ = {isa = PBXBuildFile; fileRef = 4DB9C8811955C18D00FB830B /* TDSAppDelegate.m */; };
		4DB9C8841955C18D00FB830B /* Images.xcassets in Resources */ = {isa = PBXBuildFile; fileRef = 4DB9C8831955C18D00FB830B /* Images.xcassets */; };
		4DB9C88B1955C18D00FB830B /* XCTest.framework in Frameworks */ = {isa = PBXBuildFile; fileRef = 4DB9C88A1955C18D00FB830B /* XCTest.framework */; };
		4DB9C88C1955C18D00FB830B /* Foundation.framework in Frameworks */ = {isa = PBXBuildFile; fileRef = 4DB9C8711955C18D00FB830B /* Foundation.framework */; };
		4DB9C88D1955C18D00FB830B /* UIKit.framework in Frameworks */ = {isa = PBXBuildFile; fileRef = 4DB9C8751955C18D00FB830B /* UIKit.framework */; };
		4DB9C8951955C18D00FB830B /* InfoPlist.strings in Resources */ = {isa = PBXBuildFile; fileRef = 4DB9C8931955C18D00FB830B /* InfoPlist.strings */; };
		4DB9C8971955C18D00FB830B /* TodoTests.m in Sources */ = {isa = PBXBuildFile; fileRef = 4DB9C8961955C18D00FB830B /* TodoTests.m */; };
		4DB9C8A11955C19F00FB830B /* Main.storyboard in Resources */ = {isa = PBXBuildFile; fileRef = 4DB9C8A01955C19F00FB830B /* Main.storyboard */; };
		4DB9C8A41955C4A700FB830B /* TDSItemListViewController.m in Sources */ = {isa = PBXBuildFile; fileRef = 4DB9C8A31955C4A700FB830B /* TDSItemListViewController.m */; };
		4DB9C8A71955C7C400FB830B /* TDSCreateItemViewController.m in Sources */ = {isa = PBXBuildFile; fileRef = 4DB9C8A61955C7C400FB830B /* TDSCreateItemViewController.m */; };
/* End PBXBuildFile section */

/* Begin PBXContainerItemProxy section */
		4DB9C88E1955C18D00FB830B /* PBXContainerItemProxy */ = {
			isa = PBXContainerItemProxy;
			containerPortal = 4DB9C8661955C18D00FB830B /* Project object */;
			proxyType = 1;
			remoteGlobalIDString = 4DB9C86D1955C18D00FB830B;
			remoteInfo = Todo;
		};
/* End PBXContainerItemProxy section */

/* Begin PBXFileReference section */
		4DB9C86E1955C18D00FB830B /* Todo.app */ = {isa = PBXFileReference; explicitFileType = wrapper.application; includeInIndex = 0; path = Todo.app; sourceTree = BUILT_PRODUCTS_DIR; };
		4DB9C8711955C18D00FB830B /* Foundation.framework */ = {isa = PBXFileReference; lastKnownFileType = wrapper.framework; name = Foundation.framework; path = System/Library/Frameworks/Foundation.framework; sourceTree = SDKROOT; };
		4DB9C8731955C18D00FB830B /* CoreGraphics.framework */ = {isa = PBXFileReference; lastKnownFileType = wrapper.framework; name = CoreGraphics.framework; path = System/Library/Frameworks/CoreGraphics.framework; sourceTree = SDKROOT; };
		4DB9C8751955C18D00FB830B /* UIKit.framework */ = {isa = PBXFileReference; lastKnownFileType = wrapper.framework; name = UIKit.framework; path = System/Library/Frameworks/UIKit.framework; sourceTree = SDKROOT; };
		4DB9C8791955C18D00FB830B /* Todo-Info.plist */ = {isa = PBXFileReference; lastKnownFileType = text.plist.xml; path = "Todo-Info.plist"; sourceTree = "<group>"; };
		4DB9C87B1955C18D00FB830B /* en */ = {isa = PBXFileReference; lastKnownFileType = text.plist.strings; name = en; path = en.lproj/InfoPlist.strings; sourceTree = "<group>"; };
		4DB9C87D1955C18D00FB830B /* main.m */ = {isa = PBXFileReference; lastKnownFileType = sourcecode.c.objc; path = main.m; sourceTree = "<group>"; };
		4DB9C87F1955C18D00FB830B /* Todo-Prefix.pch */ = {isa = PBXFileReference; lastKnownFileType = sourcecode.c.h; path = "Todo-Prefix.pch"; sourceTree = "<group>"; };
		4DB9C8801955C18D00FB830B /* TDSAppDelegate.h */ = {isa = PBXFileReference; lastKnownFileType = sourcecode.c.h; path = TDSAppDelegate.h; sourceTree = "<group>"; };
		4DB9C8811955C18D00FB830B /* TDSAppDelegate.m */ = {isa = PBXFileReference; lastKnownFileType = sourcecode.c.objc; path = TDSAppDelegate.m; sourceTree = "<group>"; };
		4DB9C8831955C18D00FB830B /* Images.xcassets */ = {isa = PBXFileReference; lastKnownFileType = folder.assetcatalog; path = Images.xcassets; sourceTree = "<group>"; };
		4DB9C8891955C18D00FB830B /* TodoTests.xctest */ = {isa = PBXFileReference; explicitFileType = wrapper.cfbundle; includeInIndex = 0; path = TodoTests.xctest; sourceTree = BUILT_PRODUCTS_DIR; };
		4DB9C88A1955C18D00FB830B /* XCTest.framework */ = {isa = PBXFileReference; lastKnownFileType = wrapper.framework; name = XCTest.framework; path = Library/Frameworks/XCTest.framework; sourceTree = DEVELOPER_DIR; };
		4DB9C8921955C18D00FB830B /* TodoTests-Info.plist */ = {isa = PBXFileReference; lastKnownFileType = text.plist.xml; path = "TodoTests-Info.plist"; sourceTree = "<group>"; };
		4DB9C8941955C18D00FB830B /* en */ = {isa = PBXFileReference; lastKnownFileType = text.plist.strings; name = en; path = en.lproj/InfoPlist.strings; sourceTree = "<group>"; };
		4DB9C8961955C18D00FB830B /* TodoTests.m */ = {isa = PBXFileReference; lastKnownFileType = sourcecode.c.objc; path = TodoTests.m; sourceTree = "<group>"; };
		4DB9C8A01955C19F00FB830B /* Main.storyboard */ = {isa = PBXFileReference; fileEncoding = 4; lastKnownFileType = file.storyboard; name = Main.storyboard; path = ../Main.storyboard; sourceTree = "<group>"; };
		4DB9C8A21955C4A600FB830B /* TDSItemListViewController.h */ = {isa = PBXFileReference; fileEncoding = 4; lastKnownFileType = sourcecode.c.h; path = TDSItemListViewController.h; sourceTree = "<group>"; };
		4DB9C8A31955C4A700FB830B /* TDSItemListViewController.m */ = {isa = PBXFileReference; fileEncoding = 4; lastKnownFileType = sourcecode.c.objc; path = TDSItemListViewController.m; sourceTree = "<group>"; };
		4DB9C8A51955C7C400FB830B /* TDSCreateItemViewController.h */ = {isa = PBXFileReference; fileEncoding = 4; lastKnownFileType = sourcecode.c.h; path = TDSCreateItemViewController.h; sourceTree = "<group>"; };
		4DB9C8A61955C7C400FB830B /* TDSCreateItemViewController.m */ = {isa = PBXFileReference; fileEncoding = 4; lastKnownFileType = sourcecode.c.objc; path = TDSCreateItemViewController.m; sourceTree = "<group>"; };
/* End PBXFileReference section */

/* Begin PBXFrameworksBuildPhase section */
		4DB9C86B1955C18D00FB830B /* Frameworks */ = {
			isa = PBXFrameworksBuildPhase;
			buildActionMask = 2147483647;
			files = (
				4DB9C8741955C18D00FB830B /* CoreGraphics.framework in Frameworks */,
				4DB9C8761955C18D00FB830B /* UIKit.framework in Frameworks */,
				4DB9C8721955C18D00FB830B /* Foundation.framework in Frameworks */,
			);
			runOnlyForDeploymentPostprocessing = 0;
		};
		4DB9C8861955C18D00FB830B /* Frameworks */ = {
			isa = PBXFrameworksBuildPhase;
			buildActionMask = 2147483647;
			files = (
				4DB9C88B1955C18D00FB830B /* XCTest.framework in Frameworks */,
				4DB9C88D1955C18D00FB830B /* UIKit.framework in Frameworks */,
				4DB9C88C1955C18D00FB830B /* Foundation.framework in Frameworks */,
			);
			runOnlyForDeploymentPostprocessing = 0;
		};
/* End PBXFrameworksBuildPhase section */

/* Begin PBXGroup section */
		4DB9C8651955C18D00FB830B = {
			isa = PBXGroup;
			children = (
				4DB9C8771955C18D00FB830B /* Todo */,
				4DB9C8901955C18D00FB830B /* TodoTests */,
				4DB9C8701955C18D00FB830B /* Frameworks */,
				4DB9C86F1955C18D00FB830B /* Products */,
			);
			sourceTree = "<group>";
		};
		4DB9C86F1955C18D00FB830B /* Products */ = {
			isa = PBXGroup;
			children = (
				4DB9C86E1955C18D00FB830B /* Todo.app */,
				4DB9C8891955C18D00FB830B /* TodoTests.xctest */,
			);
			name = Products;
			sourceTree = "<group>";
		};
		4DB9C8701955C18D00FB830B /* Frameworks */ = {
			isa = PBXGroup;
			children = (
				4DB9C8711955C18D00FB830B /* Foundation.framework */,
				4DB9C8731955C18D00FB830B /* CoreGraphics.framework */,
				4DB9C8751955C18D00FB830B /* UIKit.framework */,
				4DB9C88A1955C18D00FB830B /* XCTest.framework */,
			);
			name = Frameworks;
			sourceTree = "<group>";
		};
		4DB9C8771955C18D00FB830B /* Todo */ = {
			isa = PBXGroup;
			children = (
				4DB9C8A01955C19F00FB830B /* Main.storyboard */,
				4DB9C8801955C18D00FB830B /* TDSAppDelegate.h */,
				4DB9C8A21955C4A600FB830B /* TDSItemListViewController.h */,
				4DB9C8A31955C4A700FB830B /* TDSItemListViewController.m */,
				4DB9C8A51955C7C400FB830B /* TDSCreateItemViewController.h */,
				4DB9C8A61955C7C400FB830B /* TDSCreateItemViewController.m */,
				4DB9C8811955C18D00FB830B /* TDSAppDelegate.m */,
				4DB9C8831955C18D00FB830B /* Images.xcassets */,
				4DB9C8781955C18D00FB830B /* Supporting Files */,
			);
			path = Todo;
			sourceTree = "<group>";
		};
		4DB9C8781955C18D00FB830B /* Supporting Files */ = {
			isa = PBXGroup;
			children = (
				4DB9C8791955C18D00FB830B /* Todo-Info.plist */,
				4DB9C87A1955C18D00FB830B /* InfoPlist.strings */,
				4DB9C87D1955C18D00FB830B /* main.m */,
				4DB9C87F1955C18D00FB830B /* Todo-Prefix.pch */,
			);
			name = "Supporting Files";
			sourceTree = "<group>";
		};
		4DB9C8901955C18D00FB830B /* TodoTests */ = {
			isa = PBXGroup;
			children = (
				4DB9C8961955C18D00FB830B /* TodoTests.m */,
				4DB9C8911955C18D00FB830B /* Supporting Files */,
			);
			path = TodoTests;
			sourceTree = "<group>";
		};
		4DB9C8911955C18D00FB830B /* Supporting Files */ = {
			isa = PBXGroup;
			children = (
				4DB9C8921955C18D00FB830B /* TodoTests-Info.plist */,
				4DB9C8931955C18D00FB830B /* InfoPlist.strings */,
			);
			name = "Supporting Files";
			sourceTree = "<group>";
		};
/* End PBXGroup section */

/* Begin PBXNativeTarget section */
		4DB9C86D1955C18D00FB830B /* Todo */ = {
			isa = PBXNativeTarget;
			buildConfigurationList = 4DB9C89A1955C18D00FB830B /* Build configuration list for PBXNativeTarget "Todo" */;
			buildPhases = (
				4DB9C86A1955C18D00FB830B /* Sources */,
				4DB9C86B1955C18D00FB830B /* Frameworks */,
				4DB9C86C1955C18D00FB830B /* Resources */,
			);
			buildRules = (
			);
			dependencies = (
			);
			name = Todo;
			productName = Todo;
			productReference = 4DB9C86E1955C18D00FB830B /* Todo.app */;
			productType = "com.apple.product-type.application";
		};
		4DB9C8881955C18D00FB830B /* TodoTests */ = {
			isa = PBXNativeTarget;
			buildConfigurationList = 4DB9C89D1955C18D00FB830B /* Build configuration list for PBXNativeTarget "TodoTests" */;
			buildPhases = (
				4DB9C8851955C18D00FB830B /* Sources */,
				4DB9C8861955C18D00FB830B /* Frameworks */,
				4DB9C8871955C18D00FB830B /* Resources */,
			);
			buildRules = (
			);
			dependencies = (
				4DB9C88F1955C18D00FB830B /* PBXTargetDependency */,
			);
			name = TodoTests;
			productName = TodoTests;
			productReference = 4DB9C8891955C18D00FB830B /* TodoTests.xctest */;
			productType = "com.apple.product-type.bundle.unit-test";
		};
/* End PBXNativeTarget section */

/* Begin PBXProject section */
		4DB9C8661955C18D00FB830B /* Project object */ = {
			isa = PBXProject;
			attributes = {
				CLASSPREFIX = TDS;
				LastUpgradeCheck = 0510;
				ORGANIZATIONNAME = matz;
				TargetAttributes = {
					4DB9C8881955C18D00FB830B = {
						TestTargetID = 4DB9C86D1955C18D00FB830B;
					};
				};
			};
			buildConfigurationList = 4DB9C8691955C18D00FB830B /* Build configuration list for PBXProject "Todo" */;
			compatibilityVersion = "Xcode 3.2";
			developmentRegion = English;
			hasScannedForEncodings = 0;
			knownRegions = (
				en,
			);
			mainGroup = 4DB9C8651955C18D00FB830B;
			productRefGroup = 4DB9C86F1955C18D00FB830B /* Products */;
			projectDirPath = "";
			projectRoot = "";
			targets = (
				4DB9C86D1955C18D00FB830B /* Todo */,
				4DB9C8881955C18D00FB830B /* TodoTests */,
			);
		};
/* End PBXProject section */

/* Begin PBXResourcesBuildPhase section */
		4DB9C86C1955C18D00FB830B /* Resources */ = {
			isa = PBXResourcesBuildPhase;
			buildActionMask = 2147483647;
			files = (
				4DB9C8A11955C19F00FB830B /* Main.storyboard in Resources */,
				4DB9C87C1955C18D00FB830B /* InfoPlist.strings in Resources */,
				4DB9C8841955C18D00FB830B /* Images.xcassets in Resources */,
			);
			runOnlyForDeploymentPostprocessing = 0;
		};
		4DB9C8871955C18D00FB830B /* Resources */ = {
			isa = PBXResourcesBuildPhase;
			buildActionMask = 2147483647;
			files = (
				4DB9C8951955C18D00FB830B /* InfoPlist.strings in Resources */,
			);
			runOnlyForDeploymentPostprocessing = 0;
		};
/* End PBXResourcesBuildPhase section */

/* Begin PBXSourcesBuildPhase section */
		4DB9C86A1955C18D00FB830B /* Sources */ = {
			isa = PBXSourcesBuildPhase;
			buildActionMask = 2147483647;
			files = (
				4DB9C8821955C18D00FB830B /* TDSAppDelegate.m in Sources */,
				4DB9C8A71955C7C400FB830B /* TDSCreateItemViewController.m in Sources */,
				4DB9C8A41955C4A700FB830B /* TDSItemListViewController.m in Sources */,
				4DB9C87E1955C18D00FB830B /* main.m in Sources */,
			);
			runOnlyForDeploymentPostprocessing = 0;
		};
		4DB9C8851955C18D00FB830B /* Sources */ = {
			isa = PBXSourcesBuildPhase;
			buildActionMask = 2147483647;
			files = (
				4DB9C8971955C18D00FB830B /* TodoTests.m in Sources */,
			);
			runOnlyForDeploymentPostprocessing = 0;
		};
/* End PBXSourcesBuildPhase section */

/* Begin PBXTargetDependency section */
		4DB9C88F1955C18D00FB830B /* PBXTargetDependency */ = {
			isa = PBXTargetDependency;
			target = 4DB9C86D1955C18D00FB830B /* Todo */;
			targetProxy = 4DB9C88E1955C18D00FB830B /* PBXContainerItemProxy */;
		};
/* End PBXTargetDependency section */

/* Begin PBXVariantGroup section */
		4DB9C87A1955C18D00FB830B /* InfoPlist.strings */ = {
			isa = PBXVariantGroup;
			children = (
				4DB9C87B1955C18D00FB830B /* en */,
			);
			name = InfoPlist.strings;
			sourceTree = "<group>";
		};
		4DB9C8931955C18D00FB830B /* InfoPlist.strings */ = {
			isa = PBXVariantGroup;
			children = (
				4DB9C8941955C18D00FB830B /* en */,
			);
			name = InfoPlist.strings;
			sourceTree = "<group>";
		};
/* End PBXVariantGroup section */

/* Begin XCBuildConfiguration section */
		4DB9C8981955C18D00FB830B /* Debug */ = {
			isa = XCBuildConfiguration;
			buildSettings = {
				ALWAYS_SEARCH_USER_PATHS = NO;
				CLANG_CXX_LANGUAGE_STANDARD = "gnu++0x";
				CLANG_CXX_LIBRARY = "libc++";
				CLANG_ENABLE_MODULES = YES;
				CLANG_ENABLE_OBJC_ARC = YES;
				CLANG_WARN_BOOL_CONVERSION = YES;
				CLANG_WARN_CONSTANT_CONVERSION = YES;
				CLANG_WARN_DIRECT_OBJC_ISA_USAGE = YES_ERROR;
				CLANG_WARN_EMPTY_BODY = YES;
				CLANG_WARN_ENUM_CONVERSION = YES;
				CLANG_WARN_INT_CONVERSION = YES;
				CLANG_WARN_OBJC_ROOT_CLASS = YES_ERROR;
				CLANG_WARN__DUPLICATE_METHOD_MATCH = YES;
				"CODE_SIGN_IDENTITY[sdk=iphoneos*]" = "iPhone Developer";
				COPY_PHASE_STRIP = NO;
				GCC_C_LANGUAGE_STANDARD = gnu99;
				GCC_DYNAMIC_NO_PIC = NO;
				GCC_OPTIMIZATION_LEVEL = 0;
				GCC_PREPROCESSOR_DEFINITIONS = (
					"DEBUG=1",
					"$(inherited)",
				);
				GCC_SYMBOLS_PRIVATE_EXTERN = NO;
				GCC_WARN_64_TO_32_BIT_CONVERSION = YES;
				GCC_WARN_ABOUT_RETURN_TYPE = YES_ERROR;
				GCC_WARN_UNDECLARED_SELECTOR = YES;
				GCC_WARN_UNINITIALIZED_AUTOS = YES_AGGRESSIVE;
				GCC_WARN_UNUSED_FUNCTION = YES;
				GCC_WARN_UNUSED_VARIABLE = YES;
				IPHONEOS_DEPLOYMENT_TARGET = 7.1;
				ONLY_ACTIVE_ARCH = YES;
				SDKROOT = iphoneos;
			};
			name = Debug;
		};
		4DB9C8991955C18D00FB830B /* Release */ = {
			isa = XCBuildConfiguration;
			buildSettings = {
				ALWAYS_SEARCH_USER_PATHS = NO;
				CLANG_CXX_LANGUAGE_STANDARD = "gnu++0x";
				CLANG_CXX_LIBRARY = "libc++";
				CLANG_ENABLE_MODULES = YES;
				CLANG_ENABLE_OBJC_ARC = YES;
				CLANG_WARN_BOOL_CONVERSION = YES;
				CLANG_WARN_CONSTANT_CONVERSION = YES;
				CLANG_WARN_DIRECT_OBJC_ISA_USAGE = YES_ERROR;
				CLANG_WARN_EMPTY_BODY = YES;
				CLANG_WARN_ENUM_CONVERSION = YES;
				CLANG_WARN_INT_CONVERSION = YES;
				CLANG_WARN_OBJC_ROOT_CLASS = YES_ERROR;
				CLANG_WARN__DUPLICATE_METHOD_MATCH = YES;
				"CODE_SIGN_IDENTITY[sdk=iphoneos*]" = "iPhone Developer";
				COPY_PHASE_STRIP = YES;
				ENABLE_NS_ASSERTIONS = NO;
				GCC_C_LANGUAGE_STANDARD = gnu99;
				GCC_WARN_64_TO_32_BIT_CONVERSION = YES;
				GCC_WARN_ABOUT_RETURN_TYPE = YES_ERROR;
				GCC_WARN_UNDECLARED_SELECTOR = YES;
				GCC_WARN_UNINITIALIZED_AUTOS = YES_AGGRESSIVE;
				GCC_WARN_UNUSED_FUNCTION = YES;
				GCC_WARN_UNUSED_VARIABLE = YES;
				IPHONEOS_DEPLOYMENT_TARGET = 7.1;
				SDKROOT = iphoneos;
				VALIDATE_PRODUCT = YES;
			};
			name = Release;
		};
		4DB9C89B1955C18D00FB830B /* Debug */ = {
			isa = XCBuildConfiguration;
			buildSettings = {
				ASSETCATALOG_COMPILER_APPICON_NAME = AppIcon;
				ASSETCATALOG_COMPILER_LAUNCHIMAGE_NAME = LaunchImage;
				GCC_PRECOMPILE_PREFIX_HEADER = YES;
				GCC_PREFIX_HEADER = "Todo/Todo-Prefix.pch";
				INFOPLIST_FILE = "Todo/Todo-Info.plist";
				PRODUCT_NAME = "$(TARGET_NAME)";
				WRAPPER_EXTENSION = app;
			};
			name = Debug;
		};
		4DB9C89C1955C18D00FB830B /* Release */ = {
			isa = XCBuildConfiguration;
			buildSettings = {
				ASSETCATALOG_COMPILER_APPICON_NAME = AppIcon;
				ASSETCATALOG_COMPILER_LAUNCHIMAGE_NAME = LaunchImage;
				GCC_PRECOMPILE_PREFIX_HEADER = YES;
				GCC_PREFIX_HEADER = "Todo/Todo-Prefix.pch";
				INFOPLIST_FILE = "Todo/Todo-Info.plist";
				PRODUCT_NAME = "$(TARGET_NAME)";
				WRAPPER_EXTENSION = app;
			};
			name = Release;
		};
		4DB9C89E1955C18D00FB830B /* Debug */ = {
			isa = XCBuildConfiguration;
			buildSettings = {
				BUNDLE_LOADER = "$(BUILT_PRODUCTS_DIR)/Todo.app/Todo";
				FRAMEWORK_SEARCH_PATHS = (
					"$(SDKROOT)/Developer/Library/Frameworks",
					"$(inherited)",
					"$(DEVELOPER_FRAMEWORKS_DIR)",
				);
				GCC_PRECOMPILE_PREFIX_HEADER = YES;
				GCC_PREFIX_HEADER = "Todo/Todo-Prefix.pch";
				GCC_PREPROCESSOR_DEFINITIONS = (
					"DEBUG=1",
					"$(inherited)",
				);
				INFOPLIST_FILE = "TodoTests/TodoTests-Info.plist";
				PRODUCT_NAME = "$(TARGET_NAME)";
				TEST_HOST = "$(BUNDLE_LOADER)";
				WRAPPER_EXTENSION = xctest;
			};
			name = Debug;
		};
		4DB9C89F1955C18D00FB830B /* Release */ = {
			isa = XCBuildConfiguration;
			buildSettings = {
				BUNDLE_LOADER = "$(BUILT_PRODUCTS_DIR)/Todo.app/Todo";
				FRAMEWORK_SEARCH_PATHS = (
					"$(SDKROOT)/Developer/Library/Frameworks",
					"$(inherited)",
					"$(DEVELOPER_FRAMEWORKS_DIR)",
				);
				GCC_PRECOMPILE_PREFIX_HEADER = YES;
				GCC_PREFIX_HEADER = "Todo/Todo-Prefix.pch";
				INFOPLIST_FILE = "TodoTests/TodoTests-Info.plist";
				PRODUCT_NAME = "$(TARGET_NAME)";
				TEST_HOST = "$(BUNDLE_LOADER)";
				WRAPPER_EXTENSION = xctest;
			};
			name = Release;
		};
/* End XCBuildConfiguration section */

/* Begin XCConfigurationList section */
		4DB9C8691955C18D00FB830B /* Build configuration list for PBXProject "Todo" */ = {
			isa = XCConfigurationList;
			buildConfigurations = (
				4DB9C8981955C18D00FB830B /* Debug */,
				4DB9C8991955C18D00FB830B /* Release */,
			);
			defaultConfigurationIsVisible = 0;
			defaultConfigurationName = Release;
		};
		4DB9C89A1955C18D00FB830B /* Build configuration list for PBXNativeTarget "Todo" */ = {
			isa = XCConfigurationList;
			buildConfigurations = (
				4DB9C89B1955C18D00FB830B /* Debug */,
				4DB9C89C1955C18D00FB830B /* Release */,
			);
			defaultConfigurationIsVisible = 0;
			defaultConfigurationName = Release;
		};
		4DB9C89D1955C18D00FB830B /* Build configuration list for PBXNativeTarget "TodoTests" */ = {
			isa = XCConfigurationList;
			buildConfigurations = (
				4DB9C89E1955C18D00FB830B /* Debug */,
				4DB9C89F1955C18D00FB830B /* Release */,
			);
			defaultConfigurationIsVisible = 0;
			defaultConfigurationName = Release;
		};
/* End XCConfigurationList section */
	};
	rootObject = 4DB9C8661955C18D00FB830B /* Project object */;
}
